
Microsoft Visual Studio Solution File, Format Version 12.00
# Visual Studio Version 17
VisualStudioVersion = 17.5.33530.505
MinimumVisualStudioVersion = 10.0.40219.1
Project("{9A19103F-16F7-4668-BE54-9A1E7A4F7556}") = "M001", "M001\M001.csproj", "{85E78491-8AE8-41A3-A7E2-B42A221C603C}"
EndProject
Project("{9A19103F-16F7-4668-BE54-9A1E7A4F7556}") = "M002", "M002\M002.csproj", "{4E8BDE8A-0F9C-40EC-809D-02CBF4EB07AA}"
EndProject
Project("{9A19103F-16F7-4668-BE54-9A1E7A4F7556}") = "M003", "M003\M003.csproj", "{492B109E-1D0F-43BF-A29F-4D6AA7EF7A10}"
EndProject
Project("{9A19103F-16F7-4668-BE54-9A1E7A4F7556}") = "M004", "M004\M004.csproj", "{C1847A50-3C5E-4593-9046-63825D9B23AD}"
EndProject
Project("{FAE04EC0-301F-11D3-BF4B-00C04F79EFBC}") = "M005", "M005\M005.csproj", "{0F6D36BE-4843-4C04-BAFB-3652FBC7EE05}"
EndProject
Project("{FAE04EC0-301F-11D3-BF4B-00C04F79EFBC}") = "M006", "M006\M006.csproj", "{55527D33-F412-4993-9D7A-25BC96794AA9}"
EndProject
Project("{FAE04EC0-301F-11D3-BF4B-00C04F79EFBC}") = "M007", "M007\M007.csproj", "{91C0D826-D204-4B6B-9534-F54477BAA811}"
EndProject
Global
	GlobalSection(SolutionConfigurationPlatforms) = preSolution
		Debug|Any CPU = Debug|Any CPU
		Release|Any CPU = Release|Any CPU
	EndGlobalSection
	GlobalSection(ProjectConfigurationPlatforms) = postSolution
		{85E78491-8AE8-41A3-A7E2-B42A221C603C}.Debug|Any CPU.ActiveCfg = Debug|Any CPU
		{85E78491-8AE8-41A3-A7E2-B42A221C603C}.Debug|Any CPU.Build.0 = Debug|Any CPU
		{85E78491-8AE8-41A3-A7E2-B42A221C603C}.Release|Any CPU.ActiveCfg = Release|Any CPU
		{85E78491-8AE8-41A3-A7E2-B42A221C603C}.Release|Any CPU.Build.0 = Release|Any CPU
		{4E8BDE8A-0F9C-40EC-809D-02CBF4EB07AA}.Debug|Any CPU.ActiveCfg = Debug|Any CPU
		{4E8BDE8A-0F9C-40EC-809D-02CBF4EB07AA}.Debug|Any CPU.Build.0 = Debug|Any CPU
		{4E8BDE8A-0F9C-40EC-809D-02CBF4EB07AA}.Release|Any CPU.ActiveCfg = Release|Any CPU
		{4E8BDE8A-0F9C-40EC-809D-02CBF4EB07AA}.Release|Any CPU.Build.0 = Release|Any CPU
		{492B109E-1D0F-43BF-A29F-4D6AA7EF7A10}.Debug|Any CPU.ActiveCfg = Debug|Any CPU
		{492B109E-1D0F-43BF-A29F-4D6AA7EF7A10}.Debug|Any CPU.Build.0 = Debug|Any CPU
		{492B109E-1D0F-43BF-A29F-4D6AA7EF7A10}.Release|Any CPU.ActiveCfg = Release|Any CPU
		{492B109E-1D0F-43BF-A29F-4D6AA7EF7A10}.Release|Any CPU.Build.0 = Release|Any CPU
		{C1847A50-3C5E-4593-9046-63825D9B23AD}.Debug|Any CPU.ActiveCfg = Debug|Any CPU
		{C1847A50-3C5E-4593-9046-63825D9B23AD}.Debug|Any CPU.Build.0 = Debug|Any CPU
		{C1847A50-3C5E-4593-9046-63825D9B23AD}.Release|Any CPU.ActiveCfg = Release|Any CPU
		{C1847A50-3C5E-4593-9046-63825D9B23AD}.Release|Any CPU.Build.0 = Release|Any CPU
		{0F6D36BE-4843-4C04-BAFB-3652FBC7EE05}.Debug|Any CPU.ActiveCfg = Debug|Any CPU
		{0F6D36BE-4843-4C04-BAFB-3652FBC7EE05}.Debug|Any CPU.Build.0 = Debug|Any CPU
		{0F6D36BE-4843-4C04-BAFB-3652FBC7EE05}.Release|Any CPU.ActiveCfg = Release|Any CPU
		{0F6D36BE-4843-4C04-BAFB-3652FBC7EE05}.Release|Any CPU.Build.0 = Release|Any CPU
		{55527D33-F412-4993-9D7A-25BC96794AA9}.Debug|Any CPU.ActiveCfg = Debug|Any CPU
		{55527D33-F412-4993-9D7A-25BC96794AA9}.Debug|Any CPU.Build.0 = Debug|Any CPU
		{55527D33-F412-4993-9D7A-25BC96794AA9}.Release|Any CPU.ActiveCfg = Release|Any CPU
		{55527D33-F412-4993-9D7A-25BC96794AA9}.Release|Any CPU.Build.0 = Release|Any CPU
		{91C0D826-D204-4B6B-9534-F54477BAA811}.Debug|Any CPU.ActiveCfg = Debug|Any CPU
		{91C0D826-D204-4B6B-9534-F54477BAA811}.Debug|Any CPU.Build.0 = Debug|Any CPU
		{91C0D826-D204-4B6B-9534-F54477BAA811}.Release|Any CPU.ActiveCfg = Release|Any CPU
		{91C0D826-D204-4B6B-9534-F54477BAA811}.Release|Any CPU.Build.0 = Release|Any CPU
	EndGlobalSection
	GlobalSection(SolutionProperties) = preSolution
		HideSolutionNode = FALSE
	EndGlobalSection
	GlobalSection(ExtensibilityGlobals) = postSolution
		SolutionGuid = {D5C2B06B-2302-47EF-8945-809164877FCC}
	EndGlobalSection
EndGlobal
